
Microsoft Visual Studio Solution File, Format Version 12.00
# Visual Studio Version 17
VisualStudioVersion = 17.9.34701.34
MinimumVisualStudioVersion = 10.0.40219.1
Project("{9A19103F-16F7-4668-BE54-9A1E7A4F7556}") = "CafeMenum.UI", "Recipe.UI\CafeMenum.UI.csproj", "{3FC2D6C5-5132-4195-B017-5A89162AF5A6}"
EndProject
Global
	GlobalSection(SolutionConfigurationPlatforms) = preSolution
		Debug|Any CPU = Debug|Any CPU
		Release|Any CPU = Release|Any CPU
	EndGlobalSection
	GlobalSection(ProjectConfigurationPlatforms) = postSolution
		{3FC2D6C5-5132-4195-B017-5A89162AF5A6}.Debug|Any CPU.ActiveCfg = Debug|Any CPU
		{3FC2D6C5-5132-4195-B017-5A89162AF5A6}.Debug|Any CPU.Build.0 = Debug|Any CPU
		{3FC2D6C5-5132-4195-B017-5A89162AF5A6}.Release|Any CPU.ActiveCfg = Release|Any CPU
		{3FC2D6C5-5132-4195-B017-5A89162AF5A6}.Release|Any CPU.Build.0 = Release|Any CPU
	EndGlobalSection
	GlobalSection(SolutionProperties) = preSolution
		HideSolutionNode = FALSE
	EndGlobalSection
	GlobalSection(ExtensibilityGlobals) = postSolution
		SolutionGuid = {EF06C590-481D-4CF6-AFAB-1A6B95BD328D}
	EndGlobalSection
EndGlobal
